// !$*UTF8*$!
{
	archiveVersion = 1;
	classes = {
	};
	objectVersion = 46;
	objects = {

/* Begin PBXBuildFile section */
		A6E3925D19784EDC00C02D47 /* main.m in Sources */ = {isa = PBXBuildFile; fileRef = A6E3925C19784EDC00C02D47 /* main.m */; };
		A6E3926019784EDC00C02D47 /* AppDelegate.m in Sources */ = {isa = PBXBuildFile; fileRef = A6E3925F19784EDC00C02D47 /* AppDelegate.m */; };
		A6E3926319784EDC00C02D47 /* ViewController.m in Sources */ = {isa = PBXBuildFile; fileRef = A6E3926219784EDC00C02D47 /* ViewController.m */; };
		A6E3926619784EDC00C02D47 /* Main.storyboard in Resources */ = {isa = PBXBuildFile; fileRef = A6E3926419784EDC00C02D47 /* Main.storyboard */; };
		A6E3926819784EDC00C02D47 /* Images.xcassets in Resources */ = {isa = PBXBuildFile; fileRef = A6E3926719784EDC00C02D47 /* Images.xcassets */; };
		A6E3927419784EDC00C02D47 /* AHKMotionBlurTests.m in Sources */ = {isa = PBXBuildFile; fileRef = A6E3927319784EDC00C02D47 /* AHKMotionBlurTests.m */; };
		A6E3927F19784F1400C02D47 /* MotionBlurredView.m in Sources */ = {isa = PBXBuildFile; fileRef = A6E3927E19784F1400C02D47 /* MotionBlurredView.m */; };
/* End PBXBuildFile section */

/* Begin PBXContainerItemProxy section */
		A6E3926E19784EDC00C02D47 /* PBXContainerItemProxy */ = {
			isa = PBXContainerItemProxy;
			containerPortal = A6E3924F19784EDC00C02D47 /* Project object */;
			proxyType = 1;
			remoteGlobalIDString = A6E3925619784EDC00C02D47;
			remoteInfo = AHKMotionBlur;
		};
/* End PBXContainerItemProxy section */

/* Begin PBXFileReference section */
		A6E3925719784EDC00C02D47 /* AHKMotionBlur.app */ = {isa = PBXFileReference; explicitFileType = wrapper.application; includeInIndex = 0; path = AHKMotionBlur.app; sourceTree = BUILT_PRODUCTS_DIR; };
		A6E3925B19784EDC00C02D47 /* Info.plist */ = {isa = PBXFileReference; lastKnownFileType = text.plist.xml; path = Info.plist; sourceTree = "<group>"; };
		A6E3925C19784EDC00C02D47 /* main.m */ = {isa = PBXFileReference; lastKnownFileType = sourcecode.c.objc; path = main.m; sourceTree = "<group>"; };
		A6E3925E19784EDC00C02D47 /* AppDelegate.h */ = {isa = PBXFileReference; lastKnownFileType = sourcecode.c.h; path = AppDelegate.h; sourceTree = "<group>"; };
		A6E3925F19784EDC00C02D47 /* AppDelegate.m */ = {isa = PBXFileReference; lastKnownFileType = sourcecode.c.objc; path = AppDelegate.m; sourceTree = "<group>"; };
		A6E3926119784EDC00C02D47 /* ViewController.h */ = {isa = PBXFileReference; lastKnownFileType = sourcecode.c.h; path = ViewController.h; sourceTree = "<group>"; };
		A6E3926219784EDC00C02D47 /* ViewController.m */ = {isa = PBXFileReference; lastKnownFileType = sourcecode.c.objc; path = ViewController.m; sourceTree = "<group>"; };
		A6E3926519784EDC00C02D47 /* Base */ = {isa = PBXFileReference; lastKnownFileType = file.storyboard; name = Base; path = Base.lproj/Main.storyboard; sourceTree = "<group>"; };
		A6E3926719784EDC00C02D47 /* Images.xcassets */ = {isa = PBXFileReference; lastKnownFileType = folder.assetcatalog; path = Images.xcassets; sourceTree = "<group>"; };
		A6E3926D19784EDC00C02D47 /* AHKMotionBlurTests.xctest */ = {isa = PBXFileReference; explicitFileType = wrapper.cfbundle; includeInIndex = 0; path = AHKMotionBlurTests.xctest; sourceTree = BUILT_PRODUCTS_DIR; };
		A6E3927219784EDC00C02D47 /* Info.plist */ = {isa = PBXFileReference; lastKnownFileType = text.plist.xml; path = Info.plist; sourceTree = "<group>"; };
		A6E3927319784EDC00C02D47 /* AHKMotionBlurTests.m */ = {isa = PBXFileReference; lastKnownFileType = sourcecode.c.objc; path = AHKMotionBlurTests.m; sourceTree = "<group>"; };
		A6E3927D19784F1400C02D47 /* MotionBlurredView.h */ = {isa = PBXFileReference; fileEncoding = 4; lastKnownFileType = sourcecode.c.h; path = MotionBlurredView.h; sourceTree = "<group>"; };
		A6E3927E19784F1400C02D47 /* MotionBlurredView.m */ = {isa = PBXFileReference; fileEncoding = 4; lastKnownFileType = sourcecode.c.objc; path = MotionBlurredView.m; sourceTree = "<group>"; };
/* End PBXFileReference section */

/* Begin PBXFrameworksBuildPhase section */
		A6E3925419784EDC00C02D47 /* Frameworks */ = {
			isa = PBXFrameworksBuildPhase;
			buildActionMask = 2147483647;
			files = (
			);
			runOnlyForDeploymentPostprocessing = 0;
		};
		A6E3926A19784EDC00C02D47 /* Frameworks */ = {
			isa = PBXFrameworksBuildPhase;
			buildActionMask = 2147483647;
			files = (
			);
			runOnlyForDeploymentPostprocessing = 0;
		};
/* End PBXFrameworksBuildPhase section */

/* Begin PBXGroup section */
		A6E3924E19784EDC00C02D47 = {
			isa = PBXGroup;
			children = (
				A6E3925919784EDC00C02D47 /* AHKMotionBlur */,
				A6E3927019784EDC00C02D47 /* AHKMotionBlurTests */,
				A6E3925819784EDC00C02D47 /* Products */,
			);
			sourceTree = "<group>";
		};
		A6E3925819784EDC00C02D47 /* Products */ = {
			isa = PBXGroup;
			children = (
				A6E3925719784EDC00C02D47 /* AHKMotionBlur.app */,
				A6E3926D19784EDC00C02D47 /* AHKMotionBlurTests.xctest */,
			);
			name = Products;
			sourceTree = "<group>";
		};
		A6E3925919784EDC00C02D47 /* AHKMotionBlur */ = {
			isa = PBXGroup;
			children = (
				A6E3925E19784EDC00C02D47 /* AppDelegate.h */,
				A6E3925F19784EDC00C02D47 /* AppDelegate.m */,
				A6E3926719784EDC00C02D47 /* Images.xcassets */,
				A6E3926419784EDC00C02D47 /* Main.storyboard */,
				A6E3927D19784F1400C02D47 /* MotionBlurredView.h */,
				A6E3927E19784F1400C02D47 /* MotionBlurredView.m */,
				A6E3925A19784EDC00C02D47 /* Supporting Files */,
				A6E3926119784EDC00C02D47 /* ViewController.h */,
				A6E3926219784EDC00C02D47 /* ViewController.m */,
			);
			path = AHKMotionBlur;
			sourceTree = "<group>";
		};
		A6E3925A19784EDC00C02D47 /* Supporting Files */ = {
			isa = PBXGroup;
			children = (
				A6E3925B19784EDC00C02D47 /* Info.plist */,
				A6E3925C19784EDC00C02D47 /* main.m */,
			);
			name = "Supporting Files";
			sourceTree = "<group>";
		};
		A6E3927019784EDC00C02D47 /* AHKMotionBlurTests */ = {
			isa = PBXGroup;
			children = (
				A6E3927319784EDC00C02D47 /* AHKMotionBlurTests.m */,
				A6E3927119784EDC00C02D47 /* Supporting Files */,
			);
			path = AHKMotionBlurTests;
			sourceTree = "<group>";
		};
		A6E3927119784EDC00C02D47 /* Supporting Files */ = {
			isa = PBXGroup;
			children = (
				A6E3927219784EDC00C02D47 /* Info.plist */,
			);
			name = "Supporting Files";
			sourceTree = "<group>";
		};
/* End PBXGroup section */

/* Begin PBXNativeTarget section */
		A6E3925619784EDC00C02D47 /* AHKMotionBlur */ = {
			isa = PBXNativeTarget;
			buildConfigurationList = A6E3927719784EDC00C02D47 /* Build configuration list for PBXNativeTarget "AHKMotionBlur" */;
			buildPhases = (
				A6E3925319784EDC00C02D47 /* Sources */,
				A6E3925419784EDC00C02D47 /* Frameworks */,
				A6E3925519784EDC00C02D47 /* Resources */,
			);
			buildRules = (
			);
			dependencies = (
			);
			name = AHKMotionBlur;
			productName = AHKMotionBlur;
			productReference = A6E3925719784EDC00C02D47 /* AHKMotionBlur.app */;
			productType = "com.apple.product-type.application";
		};
		A6E3926C19784EDC00C02D47 /* AHKMotionBlurTests */ = {
			isa = PBXNativeTarget;
			buildConfigurationList = A6E3927A19784EDC00C02D47 /* Build configuration list for PBXNativeTarget "AHKMotionBlurTests" */;
			buildPhases = (
				A6E3926919784EDC00C02D47 /* Sources */,
				A6E3926A19784EDC00C02D47 /* Frameworks */,
				A6E3926B19784EDC00C02D47 /* Resources */,
			);
			buildRules = (
			);
			dependencies = (
				A6E3926F19784EDC00C02D47 /* PBXTargetDependency */,
			);
			name = AHKMotionBlurTests;
			productName = AHKMotionBlurTests;
			productReference = A6E3926D19784EDC00C02D47 /* AHKMotionBlurTests.xctest */;
			productType = "com.apple.product-type.bundle.unit-test";
		};
/* End PBXNativeTarget section */

/* Begin PBXProject section */
		A6E3924F19784EDC00C02D47 /* Project object */ = {
			isa = PBXProject;
			attributes = {
				LastUpgradeCheck = 0600;
				ORGANIZATIONNAME = "Arkadiusz Holko";
				TargetAttributes = {
					A6E3925619784EDC00C02D47 = {
						CreatedOnToolsVersion = 6.0;
					};
					A6E3926C19784EDC00C02D47 = {
						CreatedOnToolsVersion = 6.0;
						TestTargetID = A6E3925619784EDC00C02D47;
					};
				};
			};
			buildConfigurationList = A6E3925219784EDC00C02D47 /* Build configuration list for PBXProject "AHKMotionBlur" */;
			compatibilityVersion = "Xcode 3.2";
			developmentRegion = English;
			hasScannedForEncodings = 0;
			knownRegions = (
				en,
				Base,
			);
			mainGroup = A6E3924E19784EDC00C02D47;
			productRefGroup = A6E3925819784EDC00C02D47 /* Products */;
			projectDirPath = "";
			projectRoot = "";
			targets = (
				A6E3925619784EDC00C02D47 /* AHKMotionBlur */,
				A6E3926C19784EDC00C02D47 /* AHKMotionBlurTests */,
			);
		};
/* End PBXProject section */

/* Begin PBXResourcesBuildPhase section */
		A6E3925519784EDC00C02D47 /* Resources */ = {
			isa = PBXResourcesBuildPhase;
			buildActionMask = 2147483647;
			files = (
				A6E3926619784EDC00C02D47 /* Main.storyboard in Resources */,
				A6E3926819784EDC00C02D47 /* Images.xcassets in Resources */,
			);
			runOnlyForDeploymentPostprocessing = 0;
		};
		A6E3926B19784EDC00C02D47 /* Resources */ = {
			isa = PBXResourcesBuildPhase;
			buildActionMask = 2147483647;
			files = (
			);
			runOnlyForDeploymentPostprocessing = 0;
		};
/* End PBXResourcesBuildPhase section */

/* Begin PBXSourcesBuildPhase section */
		A6E3925319784EDC00C02D47 /* Sources */ = {
			isa = PBXSourcesBuildPhase;
			buildActionMask = 2147483647;
			files = (
				A6E3926319784EDC00C02D47 /* ViewController.m in Sources */,
				A6E3926019784EDC00C02D47 /* AppDelegate.m in Sources */,
				A6E3925D19784EDC00C02D47 /* main.m in Sources */,
				A6E3927F19784F1400C02D47 /* MotionBlurredView.m in Sources */,
			);
			runOnlyForDeploymentPostprocessing = 0;
		};
		A6E3926919784EDC00C02D47 /* Sources */ = {
			isa = PBXSourcesBuildPhase;
			buildActionMask = 2147483647;
			files = (
				A6E3927419784EDC00C02D47 /* AHKMotionBlurTests.m in Sources */,
			);
			runOnlyForDeploymentPostprocessing = 0;
		};
/* End PBXSourcesBuildPhase section */

/* Begin PBXTargetDependency section */
		A6E3926F19784EDC00C02D47 /* PBXTargetDependency */ = {
			isa = PBXTargetDependency;
			target = A6E3925619784EDC00C02D47 /* AHKMotionBlur */;
			targetProxy = A6E3926E19784EDC00C02D47 /* PBXContainerItemProxy */;
		};
/* End PBXTargetDependency section */

/* Begin PBXVariantGroup section */
		A6E3926419784EDC00C02D47 /* Main.storyboard */ = {
			isa = PBXVariantGroup;
			children = (
				A6E3926519784EDC00C02D47 /* Base */,
			);
			name = Main.storyboard;
			sourceTree = "<group>";
		};
/* End PBXVariantGroup section */

/* Begin XCBuildConfiguration section */
		A6E3927519784EDC00C02D47 /* Debug */ = {
			isa = XCBuildConfiguration;
			buildSettings = {
				ALWAYS_SEARCH_USER_PATHS = NO;
				CLANG_CXX_LANGUAGE_STANDARD = "gnu++0x";
				CLANG_CXX_LIBRARY = "libc++";
				CLANG_ENABLE_MODULES = YES;
				CLANG_ENABLE_OBJC_ARC = YES;
				CLANG_WARN_BOOL_CONVERSION = YES;
				CLANG_WARN_CONSTANT_CONVERSION = YES;
				CLANG_WARN_DIRECT_OBJC_ISA_USAGE = YES_ERROR;
				CLANG_WARN_EMPTY_BODY = YES;
				CLANG_WARN_ENUM_CONVERSION = YES;
				CLANG_WARN_INT_CONVERSION = YES;
				CLANG_WARN_OBJC_ROOT_CLASS = YES_ERROR;
				CLANG_WARN_UNREACHABLE_CODE = YES;
				CLANG_WARN__DUPLICATE_METHOD_MATCH = YES;
				"CODE_SIGN_IDENTITY[sdk=iphoneos*]" = "iPhone Developer";
				COPY_PHASE_STRIP = NO;
				ENABLE_STRICT_OBJC_MSGSEND = YES;
				GCC_C_LANGUAGE_STANDARD = gnu99;
				GCC_DYNAMIC_NO_PIC = NO;
				GCC_OPTIMIZATION_LEVEL = 0;
				GCC_PREPROCESSOR_DEFINITIONS = (
					"DEBUG=1",
					"$(inherited)",
				);
				GCC_SYMBOLS_PRIVATE_EXTERN = NO;
				GCC_WARN_64_TO_32_BIT_CONVERSION = YES;
				GCC_WARN_ABOUT_RETURN_TYPE = YES_ERROR;
				GCC_WARN_UNDECLARED_SELECTOR = YES;
				GCC_WARN_UNINITIALIZED_AUTOS = YES_AGGRESSIVE;
				GCC_WARN_UNUSED_FUNCTION = YES;
				GCC_WARN_UNUSED_VARIABLE = YES;
				IPHONEOS_DEPLOYMENT_TARGET = 8.0;
				MTL_ENABLE_DEBUG_INFO = YES;
				ONLY_ACTIVE_ARCH = YES;
				SDKROOT = iphoneos;
			};
			name = Debug;
		};
		A6E3927619784EDC00C02D47 /* Release */ = {
			isa = XCBuildConfiguration;
			buildSettings = {
				ALWAYS_SEARCH_USER_PATHS = NO;
				CLANG_CXX_LANGUAGE_STANDARD = "gnu++0x";
				CLANG_CXX_LIBRARY = "libc++";
				CLANG_ENABLE_MODULES = YES;
				CLANG_ENABLE_OBJC_ARC = YES;
				CLANG_WARN_BOOL_CONVERSION = YES;
				CLANG_WARN_CONSTANT_CONVERSION = YES;
				CLANG_WARN_DIRECT_OBJC_ISA_USAGE = YES_ERROR;
				CLANG_WARN_EMPTY_BODY = YES;
				CLANG_WARN_ENUM_CONVERSION = YES;
				CLANG_WARN_INT_CONVERSION = YES;
				CLANG_WARN_OBJC_ROOT_CLASS = YES_ERROR;
				CLANG_WARN_UNREACHABLE_CODE = YES;
				CLANG_WARN__DUPLICATE_METHOD_MATCH = YES;
				"CODE_SIGN_IDENTITY[sdk=iphoneos*]" = "iPhone Developer";
				COPY_PHASE_STRIP = YES;
				ENABLE_NS_ASSERTIONS = NO;
				ENABLE_STRICT_OBJC_MSGSEND = YES;
				GCC_C_LANGUAGE_STANDARD = gnu99;
				GCC_WARN_64_TO_32_BIT_CONVERSION = YES;
				GCC_WARN_ABOUT_RETURN_TYPE = YES_ERROR;
				GCC_WARN_UNDECLARED_SELECTOR = YES;
				GCC_WARN_UNINITIALIZED_AUTOS = YES_AGGRESSIVE;
				GCC_WARN_UNUSED_FUNCTION = YES;
				GCC_WARN_UNUSED_VARIABLE = YES;
				IPHONEOS_DEPLOYMENT_TARGET = 8.0;
				MTL_ENABLE_DEBUG_INFO = NO;
				SDKROOT = iphoneos;
				VALIDATE_PRODUCT = YES;
			};
			name = Release;
		};
		A6E3927819784EDC00C02D47 /* Debug */ = {
			isa = XCBuildConfiguration;
			buildSettings = {
				ASSETCATALOG_COMPILER_APPICON_NAME = AppIcon;
				ASSETCATALOG_COMPILER_LAUNCHIMAGE_NAME = LaunchImage;
				INFOPLIST_FILE = AHKMotionBlur/Info.plist;
				LD_RUNPATH_SEARCH_PATHS = "$(inherited) @executable_path/Frameworks";
				PRODUCT_NAME = "$(TARGET_NAME)";
			};
			name = Debug;
		};
		A6E3927919784EDC00C02D47 /* Release */ = {
			isa = XCBuildConfiguration;
			buildSettings = {
				ASSETCATALOG_COMPILER_APPICON_NAME = AppIcon;
				ASSETCATALOG_COMPILER_LAUNCHIMAGE_NAME = LaunchImage;
				INFOPLIST_FILE = AHKMotionBlur/Info.plist;
				LD_RUNPATH_SEARCH_PATHS = "$(inherited) @executable_path/Frameworks";
				PRODUCT_NAME = "$(TARGET_NAME)";
			};
			name = Release;
		};
		A6E3927B19784EDC00C02D47 /* Debug */ = {
			isa = XCBuildConfiguration;
			buildSettings = {
				BUNDLE_LOADER = "$(BUILT_PRODUCTS_DIR)/AHKMotionBlur.app/AHKMotionBlur";
				FRAMEWORK_SEARCH_PATHS = (
					"$(SDKROOT)/Developer/Library/Frameworks",
					"$(inherited)",
				);
				GCC_PREPROCESSOR_DEFINITIONS = (
					"DEBUG=1",
					"$(inherited)",
				);
				INFOPLIST_FILE = AHKMotionBlurTests/Info.plist;
				LD_RUNPATH_SEARCH_PATHS = "$(inherited) @executable_path/Frameworks @loader_path/Frameworks";
				PRODUCT_NAME = "$(TARGET_NAME)";
				TEST_HOST = "$(BUNDLE_LOADER)";
			};
			name = Debug;
		};
		A6E3927C19784EDC00C02D47 /* Release */ = {
			isa = XCBuildConfiguration;
			buildSettings = {
				BUNDLE_LOADER = "$(BUILT_PRODUCTS_DIR)/AHKMotionBlur.app/AHKMotionBlur";
				FRAMEWORK_SEARCH_PATHS = (
					"$(SDKROOT)/Developer/Library/Frameworks",
					"$(inherited)",
				);
				INFOPLIST_FILE = AHKMotionBlurTests/Info.plist;
				LD_RUNPATH_SEARCH_PATHS = "$(inherited) @executable_path/Frameworks @loader_path/Frameworks";
				PRODUCT_NAME = "$(TARGET_NAME)";
				TEST_HOST = "$(BUNDLE_LOADER)";
			};
			name = Release;
		};
/* End XCBuildConfiguration section */

/* Begin XCConfigurationList section */
		A6E3925219784EDC00C02D47 /* Build configuration list for PBXProject "AHKMotionBlur" */ = {
			isa = XCConfigurationList;
			buildConfigurations = (
				A6E3927519784EDC00C02D47 /* Debug */,
				A6E3927619784EDC00C02D47 /* Release */,
			);
			defaultConfigurationIsVisible = 0;
			defaultConfigurationName = Release;
		};
		A6E3927719784EDC00C02D47 /* Build configuration list for PBXNativeTarget "AHKMotionBlur" */ = {
			isa = XCConfigurationList;
			buildConfigurations = (
				A6E3927819784EDC00C02D47 /* Debug */,
				A6E3927919784EDC00C02D47 /* Release */,
			);
			defaultConfigurationIsVisible = 0;
		};
		A6E3927A19784EDC00C02D47 /* Build configuration list for PBXNativeTarget "AHKMotionBlurTests" */ = {
			isa = XCConfigurationList;
			buildConfigurations = (
				A6E3927B19784EDC00C02D47 /* Debug */,
				A6E3927C19784EDC00C02D47 /* Release */,
			);
			defaultConfigurationIsVisible = 0;
		};
/* End XCConfigurationList section */
	};
	rootObject = A6E3924F19784EDC00C02D47 /* Project object */;
}
